// !$*UTF8*$!
{
	archiveVersion = 1;
	classes = {
	};
	objectVersion = 46;
	objects = {

/* Begin PBXBuildFile section */
		DE2319971846AFF100ABA5BF /* Foundation.framework in Frameworks */ = {isa = PBXBuildFile; fileRef = DE2319961846AFF100ABA5BF /* Foundation.framework */; };
		DE2319A51846AFF200ABA5BF /* XCTest.framework in Frameworks */ = {isa = PBXBuildFile; fileRef = DE2319A41846AFF200ABA5BF /* XCTest.framework */; };
		DE2319A61846AFF200ABA5BF /* Foundation.framework in Frameworks */ = {isa = PBXBuildFile; fileRef = DE2319961846AFF100ABA5BF /* Foundation.framework */; };
		DE2319A81846AFF200ABA5BF /* UIKit.framework in Frameworks */ = {isa = PBXBuildFile; fileRef = DE2319A71846AFF200ABA5BF /* UIKit.framework */; };
		DE2319AB1846AFF200ABA5BF /* libGBUISegmentController.a in Frameworks */ = {isa = PBXBuildFile; fileRef = DE2319931846AFF100ABA5BF /* libGBUISegmentController.a */; };
		DE2319B11846AFF200ABA5BF /* InfoPlist.strings in Resources */ = {isa = PBXBuildFile; fileRef = DE2319AF1846AFF200ABA5BF /* InfoPlist.strings */; };
		DE2319B31846AFF200ABA5BF /* GBUISegmentControllerTests.m in Sources */ = {isa = PBXBuildFile; fileRef = DE2319B21846AFF200ABA5BF /* GBUISegmentControllerTests.m */; };
		DE2319C21846B00100ABA5BF /* GBUIBadgeView.m in Sources */ = {isa = PBXBuildFile; fileRef = DE2319BD1846B00100ABA5BF /* GBUIBadgeView.m */; };
		DE2319C31846B00100ABA5BF /* GBUISegmentController.m in Sources */ = {isa = PBXBuildFile; fileRef = DE2319C11846B00100ABA5BF /* GBUISegmentController.m */; };
		DE50BDDB190D61A900E57C52 /* GBUISegmentController.h in Headers */ = {isa = PBXBuildFile; fileRef = DE2319C01846B00100ABA5BF /* GBUISegmentController.h */; };
		DECFD7FA190DC11C00CC2EEA /* GBUISegmentController.h in CopyFiles */ = {isa = PBXBuildFile; fileRef = DE2319C01846B00100ABA5BF /* GBUISegmentController.h */; };
		DEE30A94191FAC15009C7266 /* GBUIBadgeView.h in Headers */ = {isa = PBXBuildFile; fileRef = DE2319BC1846B00100ABA5BF /* GBUIBadgeView.h */; };
		DEE30A95191FAC1C009C7266 /* GBUIBadgeView.h in CopyFiles */ = {isa = PBXBuildFile; fileRef = DE2319BC1846B00100ABA5BF /* GBUIBadgeView.h */; };
		DEE30A9D191FB2B8009C7266 /* GBUIBadgeView_Private.h in Headers */ = {isa = PBXBuildFile; fileRef = DEE30A9C191FB2B8009C7266 /* GBUIBadgeView_Private.h */; };
		DEE30A9E191FB315009C7266 /* GBUIBadgeView_Private.h in CopyFiles */ = {isa = PBXBuildFile; fileRef = DEE30A9C191FB2B8009C7266 /* GBUIBadgeView_Private.h */; };
		DEF0F8AE190D647300ECFAE3 /* GBUISegmentController_Private.h in CopyFiles */ = {isa = PBXBuildFile; fileRef = DE2319BE1846B00100ABA5BF /* GBUISegmentController_Private.h */; };
/* End PBXBuildFile section */

/* Begin PBXContainerItemProxy section */
		DE2319A91846AFF200ABA5BF /* PBXContainerItemProxy */ = {
			isa = PBXContainerItemProxy;
			containerPortal = DE23198B1846AFF100ABA5BF /* Project object */;
			proxyType = 1;
			remoteGlobalIDString = DE2319921846AFF100ABA5BF;
			remoteInfo = GBUISegmentController;
		};
/* End PBXContainerItemProxy section */

/* Begin PBXCopyFilesBuildPhase section */
		DE2319911846AFF100ABA5BF /* CopyFiles */ = {
			isa = PBXCopyFilesBuildPhase;
			buildActionMask = 2147483647;
			dstPath = "include/$(PRODUCT_NAME)/private";
			dstSubfolderSpec = 16;
			files = (
				DEE30A9E191FB315009C7266 /* GBUIBadgeView_Private.h in CopyFiles */,
				DEF0F8AE190D647300ECFAE3 /* GBUISegmentController_Private.h in CopyFiles */,
			);
			runOnlyForDeploymentPostprocessing = 0;
		};
		DECFD7F9190DC10B00CC2EEA /* CopyFiles */ = {
			isa = PBXCopyFilesBuildPhase;
			buildActionMask = 2147483647;
			dstPath = "include/$(PRODUCT_NAME)";
			dstSubfolderSpec = 16;
			files = (
				DEE30A95191FAC1C009C7266 /* GBUIBadgeView.h in CopyFiles */,
				DECFD7FA190DC11C00CC2EEA /* GBUISegmentController.h in CopyFiles */,
			);
			runOnlyForDeploymentPostprocessing = 0;
		};
/* End PBXCopyFilesBuildPhase section */

/* Begin PBXFileReference section */
		DE2319931846AFF100ABA5BF /* libGBUISegmentController.a */ = {isa = PBXFileReference; explicitFileType = archive.ar; includeInIndex = 0; path = libGBUISegmentController.a; sourceTree = BUILT_PRODUCTS_DIR; };
		DE2319961846AFF100ABA5BF /* Foundation.framework */ = {isa = PBXFileReference; lastKnownFileType = wrapper.framework; name = Foundation.framework; path = System/Library/Frameworks/Foundation.framework; sourceTree = SDKROOT; };
		DE23199A1846AFF100ABA5BF /* GBUISegmentController-Prefix.pch */ = {isa = PBXFileReference; lastKnownFileType = sourcecode.c.h; path = "GBUISegmentController-Prefix.pch"; sourceTree = "<group>"; };
		DE2319A31846AFF200ABA5BF /* GBUISegmentControllerTests.xctest */ = {isa = PBXFileReference; explicitFileType = wrapper.cfbundle; includeInIndex = 0; path = GBUISegmentControllerTests.xctest; sourceTree = BUILT_PRODUCTS_DIR; };
		DE2319A41846AFF200ABA5BF /* XCTest.framework */ = {isa = PBXFileReference; lastKnownFileType = wrapper.framework; name = XCTest.framework; path = Library/Frameworks/XCTest.framework; sourceTree = DEVELOPER_DIR; };
		DE2319A71846AFF200ABA5BF /* UIKit.framework */ = {isa = PBXFileReference; lastKnownFileType = wrapper.framework; name = UIKit.framework; path = Library/Frameworks/UIKit.framework; sourceTree = DEVELOPER_DIR; };
		DE2319AE1846AFF200ABA5BF /* GBUISegmentControllerTests-Info.plist */ = {isa = PBXFileReference; lastKnownFileType = text.plist.xml; path = "GBUISegmentControllerTests-Info.plist"; sourceTree = "<group>"; };
		DE2319B01846AFF200ABA5BF /* en */ = {isa = PBXFileReference; lastKnownFileType = text.plist.strings; name = en; path = en.lproj/InfoPlist.strings; sourceTree = "<group>"; };
		DE2319B21846AFF200ABA5BF /* GBUISegmentControllerTests.m */ = {isa = PBXFileReference; lastKnownFileType = sourcecode.c.objc; path = GBUISegmentControllerTests.m; sourceTree = "<group>"; };
		DE2319BC1846B00100ABA5BF /* GBUIBadgeView.h */ = {isa = PBXFileReference; fileEncoding = 4; lastKnownFileType = sourcecode.c.h; path = GBUIBadgeView.h; sourceTree = "<group>"; };
		DE2319BD1846B00100ABA5BF /* GBUIBadgeView.m */ = {isa = PBXFileReference; fileEncoding = 4; lastKnownFileType = sourcecode.c.objc; path = GBUIBadgeView.m; sourceTree = "<group>"; };
		DE2319BE1846B00100ABA5BF /* GBUISegmentController_Private.h */ = {isa = PBXFileReference; fileEncoding = 4; lastKnownFileType = sourcecode.c.h; path = GBUISegmentController_Private.h; sourceTree = "<group>"; };
		DE2319C01846B00100ABA5BF /* GBUISegmentController.h */ = {isa = PBXFileReference; fileEncoding = 4; lastKnownFileType = sourcecode.c.h; path = GBUISegmentController.h; sourceTree = "<group>"; };
		DE2319C11846B00100ABA5BF /* GBUISegmentController.m */ = {isa = PBXFileReference; fileEncoding = 4; lastKnownFileType = sourcecode.c.objc; path = GBUISegmentController.m; sourceTree = "<group>"; };
		DE2319C41846B21100ABA5BF /* LICENSE */ = {isa = PBXFileReference; lastKnownFileType = text; path = LICENSE; sourceTree = "<group>"; };
		DE2319C51846B21100ABA5BF /* README.md */ = {isa = PBXFileReference; lastKnownFileType = text; path = README.md; sourceTree = "<group>"; };
		DEE30A9C191FB2B8009C7266 /* GBUIBadgeView_Private.h */ = {isa = PBXFileReference; fileEncoding = 4; lastKnownFileType = sourcecode.c.h; path = GBUIBadgeView_Private.h; sourceTree = "<group>"; };
/* End PBXFileReference section */

/* Begin PBXFrameworksBuildPhase section */
		DE2319901846AFF100ABA5BF /* Frameworks */ = {
			isa = PBXFrameworksBuildPhase;
			buildActionMask = 2147483647;
			files = (
				DE2319971846AFF100ABA5BF /* Foundation.framework in Frameworks */,
			);
			runOnlyForDeploymentPostprocessing = 0;
		};
		DE2319A01846AFF200ABA5BF /* Frameworks */ = {
			isa = PBXFrameworksBuildPhase;
			buildActionMask = 2147483647;
			files = (
				DE2319A51846AFF200ABA5BF /* XCTest.framework in Frameworks */,
				DE2319A81846AFF200ABA5BF /* UIKit.framework in Frameworks */,
				DE2319AB1846AFF200ABA5BF /* libGBUISegmentController.a in Frameworks */,
				DE2319A61846AFF200ABA5BF /* Foundation.framework in Frameworks */,
			);
			runOnlyForDeploymentPostprocessing = 0;
		};
/* End PBXFrameworksBuildPhase section */

/* Begin PBXGroup section */
		DE23198A1846AFF100ABA5BF = {
			isa = PBXGroup;
			children = (
				DE2319C41846B21100ABA5BF /* LICENSE */,
				DE2319C51846B21100ABA5BF /* README.md */,
				DE2319981846AFF100ABA5BF /* GBUISegmentController */,
				DE2319AC1846AFF200ABA5BF /* GBUISegmentControllerTests */,
				DE2319951846AFF100ABA5BF /* Frameworks */,
				DE2319941846AFF100ABA5BF /* Products */,
			);
			sourceTree = "<group>";
		};
		DE2319941846AFF100ABA5BF /* Products */ = {
			isa = PBXGroup;
			children = (
				DE2319931846AFF100ABA5BF /* libGBUISegmentController.a */,
				DE2319A31846AFF200ABA5BF /* GBUISegmentControllerTests.xctest */,
			);
			name = Products;
			sourceTree = "<group>";
		};
		DE2319951846AFF100ABA5BF /* Frameworks */ = {
			isa = PBXGroup;
			children = (
				DE2319961846AFF100ABA5BF /* Foundation.framework */,
				DE2319A41846AFF200ABA5BF /* XCTest.framework */,
				DE2319A71846AFF200ABA5BF /* UIKit.framework */,
			);
			name = Frameworks;
			sourceTree = "<group>";
		};
		DE2319981846AFF100ABA5BF /* GBUISegmentController */ = {
			isa = PBXGroup;
			children = (
				DEE30A9C191FB2B8009C7266 /* GBUIBadgeView_Private.h */,
				DE2319BC1846B00100ABA5BF /* GBUIBadgeView.h */,
				DE2319BD1846B00100ABA5BF /* GBUIBadgeView.m */,
				DE2319BE1846B00100ABA5BF /* GBUISegmentController_Private.h */,
				DE2319C01846B00100ABA5BF /* GBUISegmentController.h */,
				DE2319C11846B00100ABA5BF /* GBUISegmentController.m */,
				DE2319991846AFF100ABA5BF /* Supporting Files */,
			);
			path = GBUISegmentController;
			sourceTree = "<group>";
		};
		DE2319991846AFF100ABA5BF /* Supporting Files */ = {
			isa = PBXGroup;
			children = (
				DE23199A1846AFF100ABA5BF /* GBUISegmentController-Prefix.pch */,
			);
			name = "Supporting Files";
			sourceTree = "<group>";
		};
		DE2319AC1846AFF200ABA5BF /* GBUISegmentControllerTests */ = {
			isa = PBXGroup;
			children = (
				DE2319B21846AFF200ABA5BF /* GBUISegmentControllerTests.m */,
				DE2319AD1846AFF200ABA5BF /* Supporting Files */,
			);
			path = GBUISegmentControllerTests;
			sourceTree = "<group>";
		};
		DE2319AD1846AFF200ABA5BF /* Supporting Files */ = {
			isa = PBXGroup;
			children = (
				DE2319AE1846AFF200ABA5BF /* GBUISegmentControllerTests-Info.plist */,
				DE2319AF1846AFF200ABA5BF /* InfoPlist.strings */,
			);
			name = "Supporting Files";
			sourceTree = "<group>";
		};
/* End PBXGroup section */

/* Begin PBXHeadersBuildPhase section */
		DEF0F8AC190D642900ECFAE3 /* Headers */ = {
			isa = PBXHeadersBuildPhase;
			buildActionMask = 2147483647;
			files = (
				DEE30A9D191FB2B8009C7266 /* GBUIBadgeView_Private.h in Headers */,
				DEE30A94191FAC15009C7266 /* GBUIBadgeView.h in Headers */,
				DE50BDDB190D61A900E57C52 /* GBUISegmentController.h in Headers */,
			);
			runOnlyForDeploymentPostprocessing = 0;
		};
/* End PBXHeadersBuildPhase section */

/* Begin PBXNativeTarget section */
		DE2319921846AFF100ABA5BF /* GBUISegmentController */ = {
			isa = PBXNativeTarget;
			buildConfigurationList = DE2319B61846AFF200ABA5BF /* Build configuration list for PBXNativeTarget "GBUISegmentController" */;
			buildPhases = (
				DE23198F1846AFF100ABA5BF /* Sources */,
				DE2319901846AFF100ABA5BF /* Frameworks */,
				DE2319911846AFF100ABA5BF /* CopyFiles */,
				DEF0F8AC190D642900ECFAE3 /* Headers */,
				DECFD7F9190DC10B00CC2EEA /* CopyFiles */,
			);
			buildRules = (
			);
			dependencies = (
			);
			name = GBUISegmentController;
			productName = GBUISegmentController;
			productReference = DE2319931846AFF100ABA5BF /* libGBUISegmentController.a */;
			productType = "com.apple.product-type.library.static";
		};
		DE2319A21846AFF200ABA5BF /* GBUISegmentControllerTests */ = {
			isa = PBXNativeTarget;
			buildConfigurationList = DE2319B91846AFF200ABA5BF /* Build configuration list for PBXNativeTarget "GBUISegmentControllerTests" */;
			buildPhases = (
				DE23199F1846AFF200ABA5BF /* Sources */,
				DE2319A01846AFF200ABA5BF /* Frameworks */,
				DE2319A11846AFF200ABA5BF /* Resources */,
			);
			buildRules = (
			);
			dependencies = (
				DE2319AA1846AFF200ABA5BF /* PBXTargetDependency */,
			);
			name = GBUISegmentControllerTests;
			productName = GBUISegmentControllerTests;
			productReference = DE2319A31846AFF200ABA5BF /* GBUISegmentControllerTests.xctest */;
			productType = "com.apple.product-type.bundle.unit-test";
		};
/* End PBXNativeTarget section */

/* Begin PBXProject section */
		DE23198B1846AFF100ABA5BF /* Project object */ = {
			isa = PBXProject;
			attributes = {
				LastUpgradeCheck = 0510;
				ORGANIZATIONNAME = "George Boumis <developer.george.boumis@gmail.com>";
			};
			buildConfigurationList = DE23198E1846AFF100ABA5BF /* Build configuration list for PBXProject "GBUISegmentController" */;
			compatibilityVersion = "Xcode 3.2";
			developmentRegion = English;
			hasScannedForEncodings = 0;
			knownRegions = (
				en,
			);
			mainGroup = DE23198A1846AFF100ABA5BF;
			productRefGroup = DE2319941846AFF100ABA5BF /* Products */;
			projectDirPath = "";
			projectRoot = "";
			targets = (
				DE2319921846AFF100ABA5BF /* GBUISegmentController */,
				DE2319A21846AFF200ABA5BF /* GBUISegmentControllerTests */,
			);
		};
/* End PBXProject section */

/* Begin PBXResourcesBuildPhase section */
		DE2319A11846AFF200ABA5BF /* Resources */ = {
			isa = PBXResourcesBuildPhase;
			buildActionMask = 2147483647;
			files = (
				DE2319B11846AFF200ABA5BF /* InfoPlist.strings in Resources */,
			);
			runOnlyForDeploymentPostprocessing = 0;
		};
/* End PBXResourcesBuildPhase section */

/* Begin PBXSourcesBuildPhase section */
		DE23198F1846AFF100ABA5BF /* Sources */ = {
			isa = PBXSourcesBuildPhase;
			buildActionMask = 2147483647;
			files = (
				DE2319C21846B00100ABA5BF /* GBUIBadgeView.m in Sources */,
				DE2319C31846B00100ABA5BF /* GBUISegmentController.m in Sources */,
			);
			runOnlyForDeploymentPostprocessing = 0;
		};
		DE23199F1846AFF200ABA5BF /* Sources */ = {
			isa = PBXSourcesBuildPhase;
			buildActionMask = 2147483647;
			files = (
				DE2319B31846AFF200ABA5BF /* GBUISegmentControllerTests.m in Sources */,
			);
			runOnlyForDeploymentPostprocessing = 0;
		};
/* End PBXSourcesBuildPhase section */

/* Begin PBXTargetDependency section */
		DE2319AA1846AFF200ABA5BF /* PBXTargetDependency */ = {
			isa = PBXTargetDependency;
			target = DE2319921846AFF100ABA5BF /* GBUISegmentController */;
			targetProxy = DE2319A91846AFF200ABA5BF /* PBXContainerItemProxy */;
		};
/* End PBXTargetDependency section */

/* Begin PBXVariantGroup section */
		DE2319AF1846AFF200ABA5BF /* InfoPlist.strings */ = {
			isa = PBXVariantGroup;
			children = (
				DE2319B01846AFF200ABA5BF /* en */,
			);
			name = InfoPlist.strings;
			sourceTree = "<group>";
		};
/* End PBXVariantGroup section */

/* Begin XCBuildConfiguration section */
		DE2319B41846AFF200ABA5BF /* Debug */ = {
			isa = XCBuildConfiguration;
			buildSettings = {
				ALWAYS_SEARCH_USER_PATHS = NO;
				CLANG_CXX_LANGUAGE_STANDARD = "gnu++0x";
				CLANG_CXX_LIBRARY = "libc++";
				CLANG_ENABLE_MODULES = YES;
				CLANG_ENABLE_OBJC_ARC = YES;
				CLANG_WARN_BOOL_CONVERSION = YES;
				CLANG_WARN_CONSTANT_CONVERSION = YES;
				CLANG_WARN_DIRECT_OBJC_ISA_USAGE = YES_ERROR;
				CLANG_WARN_EMPTY_BODY = YES;
				CLANG_WARN_ENUM_CONVERSION = YES;
				CLANG_WARN_INT_CONVERSION = YES;
				CLANG_WARN_OBJC_ROOT_CLASS = YES_ERROR;
				CLANG_WARN__DUPLICATE_METHOD_MATCH = YES;
				COPY_PHASE_STRIP = NO;
				GCC_C_LANGUAGE_STANDARD = gnu99;
				GCC_DYNAMIC_NO_PIC = NO;
				GCC_OPTIMIZATION_LEVEL = 0;
				GCC_PREPROCESSOR_DEFINITIONS = (
					"DEBUG=1",
					"$(inherited)",
				);
				GCC_SYMBOLS_PRIVATE_EXTERN = NO;
				GCC_WARN_64_TO_32_BIT_CONVERSION = YES;
				GCC_WARN_ABOUT_RETURN_TYPE = YES_ERROR;
				GCC_WARN_UNDECLARED_SELECTOR = YES;
				GCC_WARN_UNINITIALIZED_AUTOS = YES;
				GCC_WARN_UNUSED_FUNCTION = YES;
				GCC_WARN_UNUSED_VARIABLE = YES;
				IPHONEOS_DEPLOYMENT_TARGET = 7.0;
				ONLY_ACTIVE_ARCH = YES;
				SDKROOT = iphoneos;
			};
			name = Debug;
		};
		DE2319B51846AFF200ABA5BF /* Release */ = {
			isa = XCBuildConfiguration;
			buildSettings = {
				ALWAYS_SEARCH_USER_PATHS = NO;
				CLANG_CXX_LANGUAGE_STANDARD = "gnu++0x";
				CLANG_CXX_LIBRARY = "libc++";
				CLANG_ENABLE_MODULES = YES;
				CLANG_ENABLE_OBJC_ARC = YES;
				CLANG_WARN_BOOL_CONVERSION = YES;
				CLANG_WARN_CONSTANT_CONVERSION = YES;
				CLANG_WARN_DIRECT_OBJC_ISA_USAGE = YES_ERROR;
				CLANG_WARN_EMPTY_BODY = YES;
				CLANG_WARN_ENUM_CONVERSION = YES;
				CLANG_WARN_INT_CONVERSION = YES;
				CLANG_WARN_OBJC_ROOT_CLASS = YES_ERROR;
				CLANG_WARN__DUPLICATE_METHOD_MATCH = YES;
				COPY_PHASE_STRIP = YES;
				ENABLE_NS_ASSERTIONS = NO;
				GCC_C_LANGUAGE_STANDARD = gnu99;
				GCC_WARN_64_TO_32_BIT_CONVERSION = YES;
				GCC_WARN_ABOUT_RETURN_TYPE = YES_ERROR;
				GCC_WARN_UNDECLARED_SELECTOR = YES;
				GCC_WARN_UNINITIALIZED_AUTOS = YES;
				GCC_WARN_UNUSED_FUNCTION = YES;
				GCC_WARN_UNUSED_VARIABLE = YES;
				IPHONEOS_DEPLOYMENT_TARGET = 7.0;
				SDKROOT = iphoneos;
				VALIDATE_PRODUCT = YES;
			};
			name = Release;
		};
		DE2319B71846AFF200ABA5BF /* Debug */ = {
			isa = XCBuildConfiguration;
			buildSettings = {
				DSTROOT = /tmp/GBUISegmentController.dst;
				GCC_PRECOMPILE_PREFIX_HEADER = YES;
				GCC_PREFIX_HEADER = "GBUISegmentController/GBUISegmentController-Prefix.pch";
				OTHER_LDFLAGS = "-ObjC";
				PRODUCT_NAME = "$(TARGET_NAME)";
				SKIP_INSTALL = YES;
			};
			name = Debug;
		};
		DE2319B81846AFF200ABA5BF /* Release */ = {
			isa = XCBuildConfiguration;
			buildSettings = {
				DSTROOT = /tmp/GBUISegmentController.dst;
				GCC_PRECOMPILE_PREFIX_HEADER = YES;
				GCC_PREFIX_HEADER = "GBUISegmentController/GBUISegmentController-Prefix.pch";
				OTHER_LDFLAGS = "-ObjC";
				PRODUCT_NAME = "$(TARGET_NAME)";
				SKIP_INSTALL = YES;
			};
			name = Release;
		};
		DE2319BA1846AFF200ABA5BF /* Debug */ = {
			isa = XCBuildConfiguration;
			buildSettings = {
				FRAMEWORK_SEARCH_PATHS = (
					"$(SDKROOT)/Developer/Library/Frameworks",
					"$(inherited)",
					"$(DEVELOPER_FRAMEWORKS_DIR)",
				);
				GCC_PRECOMPILE_PREFIX_HEADER = YES;
				GCC_PREFIX_HEADER = "GBUISegmentController/GBUISegmentController-Prefix.pch";
				GCC_PREPROCESSOR_DEFINITIONS = (
					"DEBUG=1",
					"$(inherited)",
				);
				INFOPLIST_FILE = "GBUISegmentControllerTests/GBUISegmentControllerTests-Info.plist";
				PRODUCT_NAME = "$(TARGET_NAME)";
				WRAPPER_EXTENSION = xctest;
			};
			name = Debug;
		};
		DE2319BB1846AFF200ABA5BF /* Release */ = {
			isa = XCBuildConfiguration;
			buildSettings = {
				FRAMEWORK_SEARCH_PATHS = (
					"$(SDKROOT)/Developer/Library/Frameworks",
					"$(inherited)",
					"$(DEVELOPER_FRAMEWORKS_DIR)",
				);
				GCC_PRECOMPILE_PREFIX_HEADER = YES;
				GCC_PREFIX_HEADER = "GBUISegmentController/GBUISegmentController-Prefix.pch";
				INFOPLIST_FILE = "GBUISegmentControllerTests/GBUISegmentControllerTests-Info.plist";
				PRODUCT_NAME = "$(TARGET_NAME)";
				WRAPPER_EXTENSION = xctest;
			};
			name = Release;
		};
/* End XCBuildConfiguration section */

/* Begin XCConfigurationList section */
		DE23198E1846AFF100ABA5BF /* Build configuration list for PBXProject "GBUISegmentController" */ = {
			isa = XCConfigurationList;
			buildConfigurations = (
				DE2319B41846AFF200ABA5BF /* Debug */,
				DE2319B51846AFF200ABA5BF /* Release */,
			);
			defaultConfigurationIsVisible = 0;
			defaultConfigurationName = Release;
		};
		DE2319B61846AFF200ABA5BF /* Build configuration list for PBXNativeTarget "GBUISegmentController" */ = {
			isa = XCConfigurationList;
			buildConfigurations = (
				DE2319B71846AFF200ABA5BF /* Debug */,
				DE2319B81846AFF200ABA5BF /* Release */,
			);
			defaultConfigurationIsVisible = 0;
			defaultConfigurationName = Release;
		};
		DE2319B91846AFF200ABA5BF /* Build configuration list for PBXNativeTarget "GBUISegmentControllerTests" */ = {
			isa = XCConfigurationList;
			buildConfigurations = (
				DE2319BA1846AFF200ABA5BF /* Debug */,
				DE2319BB1846AFF200ABA5BF /* Release */,
			);
			defaultConfigurationIsVisible = 0;
			defaultConfigurationName = Release;
		};
/* End XCConfigurationList section */
	};
	rootObject = DE23198B1846AFF100ABA5BF /* Project object */;
}
